go.seankhliao.com/testrepo1125/test-direct v0.0.0-20250407181245-dd1a0c81d506 h1:tNsr7n8+aLBSeu/qlvCpo7xqOf+/Y0UgMX5rgGEUtTU=
go.seankhliao.com/testrepo1125/test-direct v0.0.0-20250407181245-dd1a0c81d506/go.mod h1:SN2ui86AFjAlAukYKPAgCOXm8KwKKJsxcK60arMuUQg=
go.seankhliao.com/testrepo1125/test-direct-direct v0.0.0-20250407181245-dd1a0c81d506 h1:d3mYCwYizic+p55x4O/oAJgDXVKiUqHftEXmjmvD8VA=
go.seankhliao.com/testrepo1125/test-direct-direct v0.0.0-20250407181245-dd1a0c81d506/go.mod h1:b+iQ++K3ijtmou8Rhf2rZmgwkaD8HniKyi7z0KBVTMc=
go.seankhliao.com/testrepo1125/test-direct-test v0.0.0-20250407175606-c1dcf0b22350 h1:AG+7FAfu9M4UMm1V3hsrONv5Ai5oC+/aWoqA0MyM4fw=
go.seankhliao.com/testrepo1125/test-direct-test v0.0.0-20250407175606-c1dcf0b22350/go.mod h1:G4kI2RczmZQsKfw5MKxfSZqNU86gPLUz1AGapq/nHnY=
go.seankhliao.com/testrepo1125/test-test v0.0.0-20250407180242-f5f4205186dc h1:WathkUwZ81UaddV2KjDESY+CvvpcQ6PcBj+RoBsfWho=
go.seankhliao.com/testrepo1125/test-test v0.0.0-20250407180242-f5f4205186dc/go.mod h1:gTPyORxJtUIkPhVZvIUbxQjFwnfbbpdKWox5KoAiooQ=
go.seankhliao.com/testrepo1125/test-test-direct v0.0.0-20250407174926-d11f7d7fea4f h1:ml9x1LkRz+fHwha/at/ZdHI//HBq/4n888MPcuEeqkU=
go.seankhliao.com/testrepo1125/test-test-direct v0.0.0-20250407174926-d11f7d7fea4f/go.mod h1:8/zQ6+Pe25IVt8I3l+r+IYG7vfPNVz3d/5atXO9pAHc=
go.seankhliao.com/testrepo1125/test-test-test v0.0.0-20250407175606-c1dcf0b22350 h1:6QfZfvoWEp6+ZGo88qQATKL+t6w0PauscNCJa1nrRC4=
go.seankhliao.com/testrepo1125/test-test-test v0.0.0-20250407175606-c1dcf0b22350/go.mod h1:OsMCO9E4x7h2otDSGRf1BWSWWyuQHVQcspSHqZ5e4YQ=
go.seankhliao.com/testrepo1125/test-tool v0.0.0-20250407175510-ead46c0f8fc6 h1:WcLWuxdzjwoxT5S7QrmUKxI3i4H6AnZ13SMu4IEEew8=
go.seankhliao.com/testrepo1125/test-tool v0.0.0-20250407175510-ead46c0f8fc6/go.mod h1:mJyQltBxrRXcIN12KjIiL6Iby2y2YuchH8sP0Oq99cA=
go.seankhliao.com/testrepo1125/test-tool-direct v0.0.0-20250407174926-d11f7d7fea4f h1:+RYiA3qL/kzCW6e0e1Qpk0gIFopKS08nFY0+YKfruUQ=
go.seankhliao.com/testrepo1125/test-tool-direct v0.0.0-20250407174926-d11f7d7fea4f/go.mod h1:MbT7rBRgeUJwVpmKNCgeQQSrrXTFpbFqy/hESNpPolg=
