go.seankhliao.com/testrepo1125/test-direct v0.0.0-20250407175510-ead46c0f8fc6 h1:G/GPGr2j6fhHmQc4xhq3B9dv4E8BWnRxNF9EVgXHbgQ=
go.seankhliao.com/testrepo1125/test-direct v0.0.0-20250407175510-ead46c0f8fc6/go.mod h1:cY5hgZSC9qfr/xY8ZjyQBcYaQ2VnMeJMKTqmZpxZrGo=
go.seankhliao.com/testrepo1125/test-direct-direct v0.0.0-20250407174926-d11f7d7fea4f h1:6+ZttxgMKAozaiuS9HHVQ/9C3OF1b60qVEsHf3ARy2I=
go.seankhliao.com/testrepo1125/test-direct-direct v0.0.0-20250407174926-d11f7d7fea4f/go.mod h1:+RWY4Yeo/K6ZnAX3i1LdZ9ZUMVIMpVBGv8XOqSmwKOU=
go.seankhliao.com/testrepo1125/test-tool v0.0.0-20250407175510-ead46c0f8fc6 h1:WcLWuxdzjwoxT5S7QrmUKxI3i4H6AnZ13SMu4IEEew8=
go.seankhliao.com/testrepo1125/test-tool v0.0.0-20250407175510-ead46c0f8fc6/go.mod h1:mJyQltBxrRXcIN12KjIiL6Iby2y2YuchH8sP0Oq99cA=
go.seankhliao.com/testrepo1125/test-tool-direct v0.0.0-20250407174926-d11f7d7fea4f h1:+RYiA3qL/kzCW6e0e1Qpk0gIFopKS08nFY0+YKfruUQ=
go.seankhliao.com/testrepo1125/test-tool-direct v0.0.0-20250407174926-d11f7d7fea4f/go.mod h1:MbT7rBRgeUJwVpmKNCgeQQSrrXTFpbFqy/hESNpPolg=
