go.seankhliao.com/testrepo1125/tool-tool-direct v0.0.0-20250407174926-d11f7d7fea4f h1:0HyoxZI35KuIumbFT0FRPdFKhBgrS0cV/stUyS4Jsj0=
go.seankhliao.com/testrepo1125/tool-tool-direct v0.0.0-20250407174926-d11f7d7fea4f/go.mod h1:DhJlJFtAkBI0K/oL+yRf7Kt9fbjtuja78S+qPLnwrpQ=
go.seankhliao.com/testrepo1125/tool-tool-tool v0.0.0-20250407174926-d11f7d7fea4f h1:e8REBJxeS1pH3lw6klCRPmWI5LNehrACbsid/s5DwkU=
go.seankhliao.com/testrepo1125/tool-tool-tool v0.0.0-20250407174926-d11f7d7fea4f/go.mod h1:jijLoC0UiqVpnyKPmrRU5LNCuT6sAcdMUP4h+X/TurM=
