go.seankhliao.com/testrepo1125/tool-tool-direct v0.0.0-20250407180258-e6ffddae4404 h1:nn98twVctAAS0TLxKmVBvFcXg9lp3NLuinDlq2tO6sw=
go.seankhliao.com/testrepo1125/tool-tool-direct v0.0.0-20250407180258-e6ffddae4404/go.mod h1:kPmXML9P9lTDLoFYf6yWHJ5bN7hccwt7B4TpNMk8I0Q=
go.seankhliao.com/testrepo1125/tool-tool-test v0.0.0-20250407175606-c1dcf0b22350 h1:a5F74Ncj/mI79h0TDd3fqh0F3Ar/fGZxpDh4sctVKvM=
go.seankhliao.com/testrepo1125/tool-tool-test v0.0.0-20250407175606-c1dcf0b22350/go.mod h1:oSuSOuWmUDumbaoQCtE/Lrd2jfRdBO+M9eV9/JK4Liw=
go.seankhliao.com/testrepo1125/tool-tool-tool v0.0.0-20250407174926-d11f7d7fea4f h1:e8REBJxeS1pH3lw6klCRPmWI5LNehrACbsid/s5DwkU=
go.seankhliao.com/testrepo1125/tool-tool-tool v0.0.0-20250407174926-d11f7d7fea4f/go.mod h1:jijLoC0UiqVpnyKPmrRU5LNCuT6sAcdMUP4h+X/TurM=
