go.seankhliao.com/testrepo1125/direct v0.0.0-20250407181937-c248b7f23424 h1:me64aTmePfyytW4pMJBD8HXoqnHHSEUmG95TCKUy2J8=
go.seankhliao.com/testrepo1125/direct v0.0.0-20250407181937-c248b7f23424/go.mod h1:NtR/gX1S90ro8T5C4x7VB/ocHP1yzq8D4yxunin+dRA=
go.seankhliao.com/testrepo1125/direct-direct v0.0.0-20250407181937-c248b7f23424 h1:wXtlG5RABC1DJOMnS9tP62rsNCVcfCywK32O6iY067Q=
go.seankhliao.com/testrepo1125/direct-direct v0.0.0-20250407181937-c248b7f23424/go.mod h1:zsc0GctW6kWf2PBC6am+Rja29SLDVAzxR3towUBgCn0=
go.seankhliao.com/testrepo1125/direct-direct-direct v0.0.0-20250407181937-c248b7f23424 h1:mEJRqSzlHB8tGP8BwPDjj0pwpplrA6jTtV+4yvZQ2Wg=
go.seankhliao.com/testrepo1125/direct-direct-direct v0.0.0-20250407181937-c248b7f23424/go.mod h1:rQS3QYIT/59TQx7DMSyVPaSRTJ3M6rzUSFssqONRlUA=
go.seankhliao.com/testrepo1125/direct-direct-test v0.0.0-20250407175606-c1dcf0b22350 h1:KyFli05bhAGVBOeORIUmCrlD8eJmVWkFsuDZKf4Brdw=
go.seankhliao.com/testrepo1125/direct-direct-test v0.0.0-20250407175606-c1dcf0b22350/go.mod h1:nMbIW0YEJ6Eyx0x8tg7yAtCMSr5TWeLfobNeOs9s7zQ=
go.seankhliao.com/testrepo1125/direct-test v0.0.0-20250407180242-f5f4205186dc h1:SC1G/UWyG0aEXGkbXV/NIt/B4v9yEttpOhj1EpNJsoU=
go.seankhliao.com/testrepo1125/direct-test v0.0.0-20250407180242-f5f4205186dc/go.mod h1:3XnEH6T0fgEg0rBRVXMjxaluBT/KPaxO6U8szW1WZmI=
go.seankhliao.com/testrepo1125/direct-test-direct v0.0.0-20250407174926-d11f7d7fea4f h1:edk07KCOb+FnAeODuJ6kK6OtkBTu8VvugiQdupiXQf4=
go.seankhliao.com/testrepo1125/direct-test-direct v0.0.0-20250407174926-d11f7d7fea4f/go.mod h1:DXQAhDmJIQZwm1JRto+iQOkuY0JvXw/3wSxHPeL6PUM=
go.seankhliao.com/testrepo1125/test v0.0.0-20250407181937-c248b7f23424 h1:eqCfr+slOP4XEbrocCu+9qrO16o1WewdQsF0D839M4M=
go.seankhliao.com/testrepo1125/test v0.0.0-20250407181937-c248b7f23424/go.mod h1:KikWFn6Y4J9B/zf4dwpOXMXOmwJlK4VbdyUZkFNs3x8=
go.seankhliao.com/testrepo1125/test-direct v0.0.0-20250407181937-c248b7f23424 h1:XvDd93cuxG8NL/MeSbHTDLQleB05vDAJgH0LpguJgks=
go.seankhliao.com/testrepo1125/test-direct v0.0.0-20250407181937-c248b7f23424/go.mod h1:SN2ui86AFjAlAukYKPAgCOXm8KwKKJsxcK60arMuUQg=
go.seankhliao.com/testrepo1125/test-direct-direct v0.0.0-20250407181937-c248b7f23424 h1:wrmE4tIe1BeG0CGpXzVmgRNKfTST15KqAb1CZzEGP8E=
go.seankhliao.com/testrepo1125/test-direct-direct v0.0.0-20250407181937-c248b7f23424/go.mod h1:b+iQ++K3ijtmou8Rhf2rZmgwkaD8HniKyi7z0KBVTMc=
go.seankhliao.com/testrepo1125/test-direct-test v0.0.0-20250407175606-c1dcf0b22350 h1:AG+7FAfu9M4UMm1V3hsrONv5Ai5oC+/aWoqA0MyM4fw=
go.seankhliao.com/testrepo1125/test-direct-test v0.0.0-20250407175606-c1dcf0b22350/go.mod h1:G4kI2RczmZQsKfw5MKxfSZqNU86gPLUz1AGapq/nHnY=
go.seankhliao.com/testrepo1125/test-test v0.0.0-20250407180242-f5f4205186dc h1:WathkUwZ81UaddV2KjDESY+CvvpcQ6PcBj+RoBsfWho=
go.seankhliao.com/testrepo1125/test-test v0.0.0-20250407180242-f5f4205186dc/go.mod h1:gTPyORxJtUIkPhVZvIUbxQjFwnfbbpdKWox5KoAiooQ=
go.seankhliao.com/testrepo1125/test-test-direct v0.0.0-20250407174926-d11f7d7fea4f h1:ml9x1LkRz+fHwha/at/ZdHI//HBq/4n888MPcuEeqkU=
go.seankhliao.com/testrepo1125/test-test-direct v0.0.0-20250407174926-d11f7d7fea4f/go.mod h1:8/zQ6+Pe25IVt8I3l+r+IYG7vfPNVz3d/5atXO9pAHc=
go.seankhliao.com/testrepo1125/tool v0.0.0-20250407181937-c248b7f23424 h1:Mmm6X4dhbeW7czfToh/NqfYvglyXjmp19TwO6/joXn0=
go.seankhliao.com/testrepo1125/tool v0.0.0-20250407181937-c248b7f23424/go.mod h1:qGc6eVU2oIfi9S8TGI2oHpw0i5UlRosb6/tJqknu1PA=
go.seankhliao.com/testrepo1125/tool-direct v0.0.0-20250407181937-c248b7f23424 h1:iHNs/xdPmzxCitfh1pzqMAqoPi0KuOC/oiWlFU1dWgg=
go.seankhliao.com/testrepo1125/tool-direct v0.0.0-20250407181937-c248b7f23424/go.mod h1:hOlt0MF8r9s5CjxikuIgxzoFpgXzfTe/GhW0/ssKXaY=
go.seankhliao.com/testrepo1125/tool-direct-direct v0.0.0-20250407181937-c248b7f23424 h1:9P4BHKJeXwTS30H/4rXnS84BVuZfzRPb0wgBpPiVS64=
go.seankhliao.com/testrepo1125/tool-direct-direct v0.0.0-20250407181937-c248b7f23424/go.mod h1:KZe1EZRWWfAfOnCdqCsU6xG/mtdsEBxnqcMMRF4T6UA=
go.seankhliao.com/testrepo1125/tool-direct-test v0.0.0-20250407175606-c1dcf0b22350 h1:BtDkwmq3nH2munmPfkRLTFLUjV/GMRoL+wymPvHBULs=
go.seankhliao.com/testrepo1125/tool-direct-test v0.0.0-20250407175606-c1dcf0b22350/go.mod h1:/qFldK+9rFVIXBcStVaxlJiOMRNub9pFZRpSySCS5ck=
go.seankhliao.com/testrepo1125/tool-test v0.0.0-20250407180242-f5f4205186dc h1:+5BfIR2/lTqZp6BrE2RU/ALFK+2Lgv0SI4B8AvTloa4=
go.seankhliao.com/testrepo1125/tool-test v0.0.0-20250407180242-f5f4205186dc/go.mod h1:g13ILlHR6T8DEyXJbr5G7SeyJfjV3dO6Dae1b1evPa0=
go.seankhliao.com/testrepo1125/tool-test-direct v0.0.0-20250407174926-d11f7d7fea4f h1:UlxemYMNeszlzRfcYuHEtoXoHExEZVuD+9fUjg/guOk=
go.seankhliao.com/testrepo1125/tool-test-direct v0.0.0-20250407174926-d11f7d7fea4f/go.mod h1:Kaun6UAIG4C3TPtOlJciFPg/J1VR3CveL4oD2kR2Rn8=
