go.seankhliao.com/testrepo1125/direct v0.0.0-20250407175550-484d0cb7cddb h1:GmrD4KKzmzLXBAvd3be/Ss453rZ2NodIX4A1YpPgZVM=
go.seankhliao.com/testrepo1125/direct v0.0.0-20250407175550-484d0cb7cddb/go.mod h1:qov5lzDVU9PAlXC8wBpe0DHjGvG1ufyteBx0IeS0BEE=
go.seankhliao.com/testrepo1125/direct-direct v0.0.0-20250407175510-ead46c0f8fc6 h1:j1KzG0e85Pt/R5qLrspAaNEt0skPhMo+jBnaFZImUHo=
go.seankhliao.com/testrepo1125/direct-direct v0.0.0-20250407175510-ead46c0f8fc6/go.mod h1:3+W+APMuyeYC/OAzWV3xS6DaK+yEpxUF6ylGD2YphDk=
go.seankhliao.com/testrepo1125/direct-direct-direct v0.0.0-20250407174926-d11f7d7fea4f h1:WslH5MIl9iDpBMWDyF3+2icxi0PqTFnKRBGQMnFEptY=
go.seankhliao.com/testrepo1125/direct-direct-direct v0.0.0-20250407174926-d11f7d7fea4f/go.mod h1:OZXXZzLi/IaJKQCJP96x0UA/tSRhvBtMBkrvLq441k4=
go.seankhliao.com/testrepo1125/test v0.0.0-20250407175550-484d0cb7cddb h1:zl3qGMwgAy+zlcOBRGrDTBR7cG2HUZb4ZblGkN9fogM=
go.seankhliao.com/testrepo1125/test v0.0.0-20250407175550-484d0cb7cddb/go.mod h1:ITaPOKfDyouMRsPwipBYVPbDcKL6sqFMQ8igPkqrs78=
go.seankhliao.com/testrepo1125/test-direct v0.0.0-20250407175510-ead46c0f8fc6 h1:G/GPGr2j6fhHmQc4xhq3B9dv4E8BWnRxNF9EVgXHbgQ=
go.seankhliao.com/testrepo1125/test-direct v0.0.0-20250407175510-ead46c0f8fc6/go.mod h1:cY5hgZSC9qfr/xY8ZjyQBcYaQ2VnMeJMKTqmZpxZrGo=
go.seankhliao.com/testrepo1125/test-direct-direct v0.0.0-20250407174926-d11f7d7fea4f h1:6+ZttxgMKAozaiuS9HHVQ/9C3OF1b60qVEsHf3ARy2I=
go.seankhliao.com/testrepo1125/test-direct-direct v0.0.0-20250407174926-d11f7d7fea4f/go.mod h1:+RWY4Yeo/K6ZnAX3i1LdZ9ZUMVIMpVBGv8XOqSmwKOU=
go.seankhliao.com/testrepo1125/tool v0.0.0-20250407175550-484d0cb7cddb h1:bik8H3zCQmcN1qgp10+AhlmZiGNDCtHRFJ+ykZKlkw4=
go.seankhliao.com/testrepo1125/tool v0.0.0-20250407175550-484d0cb7cddb/go.mod h1:obdSNYhvJVdtQQBVwjG16ePQOocNozPHN5VqT/K3qEM=
go.seankhliao.com/testrepo1125/tool-direct v0.0.0-20250407175510-ead46c0f8fc6 h1:Qx5QC13DSJXPjDHXeeavGQLgaCO3IGOSL8PQqymTdmM=
go.seankhliao.com/testrepo1125/tool-direct v0.0.0-20250407175510-ead46c0f8fc6/go.mod h1:szDm/+NvHjZXc4jrOtq0pevmX0D/2mRyCMztDhHewks=
go.seankhliao.com/testrepo1125/tool-direct-direct v0.0.0-20250407174926-d11f7d7fea4f h1:vHW95LpbZ0dQOahfwu8dJrB+4yeTu5i3kjA2BGe/nIA=
go.seankhliao.com/testrepo1125/tool-direct-direct v0.0.0-20250407174926-d11f7d7fea4f/go.mod h1:j4YqJFNMpzK/5xZm9nwkga5LJg8zE6JnB5r1HH0TJik=
