go.seankhliao.com/testrepo1125/direct v0.0.0-20250407181303-13029359262c h1:uihBeXue8LdbVZTG6ZiQ1LHKr0z4B5cileuF/e3SRcQ=
go.seankhliao.com/testrepo1125/direct v0.0.0-20250407181303-13029359262c/go.mod h1:5C5YlgN+WQom4EhXLmnmihBNWJBM/2r+Qpw5Qv1JJSE=
go.seankhliao.com/testrepo1125/direct-direct v0.0.0-20250407181303-13029359262c h1:c8vaeVNAm06sagVGXYuD+IJAQJlRy7depalLeTjFLuM=
go.seankhliao.com/testrepo1125/direct-direct v0.0.0-20250407181303-13029359262c/go.mod h1:zsc0GctW6kWf2PBC6am+Rja29SLDVAzxR3towUBgCn0=
go.seankhliao.com/testrepo1125/direct-direct-direct v0.0.0-20250407181303-13029359262c h1:if48ZR6M8aeU4LdHCnO0LcBgPVglkNMixMTeP6/xy5M=
go.seankhliao.com/testrepo1125/direct-direct-direct v0.0.0-20250407181303-13029359262c/go.mod h1:rQS3QYIT/59TQx7DMSyVPaSRTJ3M6rzUSFssqONRlUA=
go.seankhliao.com/testrepo1125/direct-direct-test v0.0.0-20250407175606-c1dcf0b22350 h1:KyFli05bhAGVBOeORIUmCrlD8eJmVWkFsuDZKf4Brdw=
go.seankhliao.com/testrepo1125/direct-direct-test v0.0.0-20250407175606-c1dcf0b22350/go.mod h1:nMbIW0YEJ6Eyx0x8tg7yAtCMSr5TWeLfobNeOs9s7zQ=
go.seankhliao.com/testrepo1125/direct-test v0.0.0-20250407180242-f5f4205186dc h1:SC1G/UWyG0aEXGkbXV/NIt/B4v9yEttpOhj1EpNJsoU=
go.seankhliao.com/testrepo1125/direct-test v0.0.0-20250407180242-f5f4205186dc/go.mod h1:3XnEH6T0fgEg0rBRVXMjxaluBT/KPaxO6U8szW1WZmI=
go.seankhliao.com/testrepo1125/direct-test-direct v0.0.0-20250407174926-d11f7d7fea4f h1:edk07KCOb+FnAeODuJ6kK6OtkBTu8VvugiQdupiXQf4=
go.seankhliao.com/testrepo1125/direct-test-direct v0.0.0-20250407174926-d11f7d7fea4f/go.mod h1:DXQAhDmJIQZwm1JRto+iQOkuY0JvXw/3wSxHPeL6PUM=
go.seankhliao.com/testrepo1125/test v0.0.0-20250407175550-484d0cb7cddb h1:zl3qGMwgAy+zlcOBRGrDTBR7cG2HUZb4ZblGkN9fogM=
go.seankhliao.com/testrepo1125/test v0.0.0-20250407175550-484d0cb7cddb/go.mod h1:ITaPOKfDyouMRsPwipBYVPbDcKL6sqFMQ8igPkqrs78=
go.seankhliao.com/testrepo1125/test-direct v0.0.0-20250407175510-ead46c0f8fc6 h1:G/GPGr2j6fhHmQc4xhq3B9dv4E8BWnRxNF9EVgXHbgQ=
go.seankhliao.com/testrepo1125/test-direct v0.0.0-20250407175510-ead46c0f8fc6/go.mod h1:cY5hgZSC9qfr/xY8ZjyQBcYaQ2VnMeJMKTqmZpxZrGo=
go.seankhliao.com/testrepo1125/test-direct-direct v0.0.0-20250407174926-d11f7d7fea4f h1:6+ZttxgMKAozaiuS9HHVQ/9C3OF1b60qVEsHf3ARy2I=
go.seankhliao.com/testrepo1125/test-direct-direct v0.0.0-20250407174926-d11f7d7fea4f/go.mod h1:+RWY4Yeo/K6ZnAX3i1LdZ9ZUMVIMpVBGv8XOqSmwKOU=
go.seankhliao.com/testrepo1125/tool v0.0.0-20250407175550-484d0cb7cddb h1:bik8H3zCQmcN1qgp10+AhlmZiGNDCtHRFJ+ykZKlkw4=
go.seankhliao.com/testrepo1125/tool v0.0.0-20250407175550-484d0cb7cddb/go.mod h1:obdSNYhvJVdtQQBVwjG16ePQOocNozPHN5VqT/K3qEM=
go.seankhliao.com/testrepo1125/tool-direct v0.0.0-20250407175510-ead46c0f8fc6 h1:Qx5QC13DSJXPjDHXeeavGQLgaCO3IGOSL8PQqymTdmM=
go.seankhliao.com/testrepo1125/tool-direct v0.0.0-20250407175510-ead46c0f8fc6/go.mod h1:szDm/+NvHjZXc4jrOtq0pevmX0D/2mRyCMztDhHewks=
go.seankhliao.com/testrepo1125/tool-direct-direct v0.0.0-20250407174926-d11f7d7fea4f h1:vHW95LpbZ0dQOahfwu8dJrB+4yeTu5i3kjA2BGe/nIA=
go.seankhliao.com/testrepo1125/tool-direct-direct v0.0.0-20250407174926-d11f7d7fea4f/go.mod h1:j4YqJFNMpzK/5xZm9nwkga5LJg8zE6JnB5r1HH0TJik=
