go.seankhliao.com/testrepo1125/tool-direct-direct v0.0.0-20250407174926-d11f7d7fea4f h1:vHW95LpbZ0dQOahfwu8dJrB+4yeTu5i3kjA2BGe/nIA=
go.seankhliao.com/testrepo1125/tool-direct-direct v0.0.0-20250407174926-d11f7d7fea4f/go.mod h1:j4YqJFNMpzK/5xZm9nwkga5LJg8zE6JnB5r1HH0TJik=
go.seankhliao.com/testrepo1125/tool-direct-test v0.0.0-20250407175606-c1dcf0b22350 h1:BtDkwmq3nH2munmPfkRLTFLUjV/GMRoL+wymPvHBULs=
go.seankhliao.com/testrepo1125/tool-direct-test v0.0.0-20250407175606-c1dcf0b22350/go.mod h1:/qFldK+9rFVIXBcStVaxlJiOMRNub9pFZRpSySCS5ck=
go.seankhliao.com/testrepo1125/tool-direct-tool v0.0.0-20250407174926-d11f7d7fea4f h1:chhRkm0qqixoZrxyj4ncqWN7aV311xLRbsiSc46SMfM=
go.seankhliao.com/testrepo1125/tool-direct-tool v0.0.0-20250407174926-d11f7d7fea4f/go.mod h1:yWm0Eo2eBVj+mWVE3fLN6eURvpUrYSClrrU06rN2ZEU=
