go.seankhliao.com/testrepo1125/test-tool-direct v0.0.0-20250407180258-e6ffddae4404 h1:YE4AYQbTtrWEbqQ8IdF3YbSIovaTLgBRWSqLFpXZF8s=
go.seankhliao.com/testrepo1125/test-tool-direct v0.0.0-20250407180258-e6ffddae4404/go.mod h1:UR05m0lj4u78Wr/utUjxSjBoQXPCh7c4msIKyWZPL80=
go.seankhliao.com/testrepo1125/test-tool-test v0.0.0-20250407175606-c1dcf0b22350 h1:Y7joIZMkV+GJ/DM8OUxzNEhnbvkRcIfUyGakA5/jMJA=
go.seankhliao.com/testrepo1125/test-tool-test v0.0.0-20250407175606-c1dcf0b22350/go.mod h1:Y/iQdQT0wwQkzcg14+Hd3BHmfJCmZJAnrPEDLLoina8=
go.seankhliao.com/testrepo1125/test-tool-tool v0.0.0-20250407174926-d11f7d7fea4f h1:g/XV9/h71tmgVdevz7f3M8FwSfm+BNCweTRjNZyeXIE=
go.seankhliao.com/testrepo1125/test-tool-tool v0.0.0-20250407174926-d11f7d7fea4f/go.mod h1:DDyOyvX+pUqXAk3hoKBM44s3ZmevCtwebUdqd+UWDIU=
