go.seankhliao.com/testrepo1125/test-tool-direct v0.0.0-20250407174926-d11f7d7fea4f h1:+RYiA3qL/kzCW6e0e1Qpk0gIFopKS08nFY0+YKfruUQ=
go.seankhliao.com/testrepo1125/test-tool-direct v0.0.0-20250407174926-d11f7d7fea4f/go.mod h1:MbT7rBRgeUJwVpmKNCgeQQSrrXTFpbFqy/hESNpPolg=
go.seankhliao.com/testrepo1125/test-tool-tool v0.0.0-20250407174926-d11f7d7fea4f h1:g/XV9/h71tmgVdevz7f3M8FwSfm+BNCweTRjNZyeXIE=
go.seankhliao.com/testrepo1125/test-tool-tool v0.0.0-20250407174926-d11f7d7fea4f/go.mod h1:DDyOyvX+pUqXAk3hoKBM44s3ZmevCtwebUdqd+UWDIU=
