go.seankhliao.com/testrepo1125/direct-tool-direct v0.0.0-20250407174926-d11f7d7fea4f h1:7eYQQtT9C6c1QtnJry1CivrPvA2UTgjntnXF0iZC3+8=
go.seankhliao.com/testrepo1125/direct-tool-direct v0.0.0-20250407174926-d11f7d7fea4f/go.mod h1:byGzD+1pUzdkxK5nHyJjM5laNXRJu+J8TsdK64UEqQw=
go.seankhliao.com/testrepo1125/direct-tool-tool v0.0.0-20250407174926-d11f7d7fea4f h1:aXoFrLAzi2uKUbI4Q46/wwUFO52elQR7Q4UYtFGOB6k=
go.seankhliao.com/testrepo1125/direct-tool-tool v0.0.0-20250407174926-d11f7d7fea4f/go.mod h1:N/Df46wlYzwSXFScUyDM4q+RuzBGD1WgKfr2t4yiMro=
