go.seankhliao.com/testrepo1125/direct-tool-direct v0.0.0-20250407180258-e6ffddae4404 h1:l8KLueM8amD4U+1fmojW1NJ3NNKruUoSwcyvbRdNvuo=
go.seankhliao.com/testrepo1125/direct-tool-direct v0.0.0-20250407180258-e6ffddae4404/go.mod h1:zXyiGCJgTQ/pArixBlaWLNohwUAR29K5ih0n+m+uISQ=
go.seankhliao.com/testrepo1125/direct-tool-test v0.0.0-20250407175606-c1dcf0b22350 h1:ouFJ8jdZapT757oT9FO6hjnCiaPVY6VWejQG7sNEgqg=
go.seankhliao.com/testrepo1125/direct-tool-test v0.0.0-20250407175606-c1dcf0b22350/go.mod h1:q5sBc2XosuyV9kE8vXguTw34oIiJ6QGwgcpqXL/bTRg=
go.seankhliao.com/testrepo1125/direct-tool-tool v0.0.0-20250407174926-d11f7d7fea4f h1:aXoFrLAzi2uKUbI4Q46/wwUFO52elQR7Q4UYtFGOB6k=
go.seankhliao.com/testrepo1125/direct-tool-tool v0.0.0-20250407174926-d11f7d7fea4f/go.mod h1:N/Df46wlYzwSXFScUyDM4q+RuzBGD1WgKfr2t4yiMro=
