go.seankhliao.com/testrepo1125/tool-direct v0.0.0-20250407175510-ead46c0f8fc6 h1:Qx5QC13DSJXPjDHXeeavGQLgaCO3IGOSL8PQqymTdmM=
go.seankhliao.com/testrepo1125/tool-direct v0.0.0-20250407175510-ead46c0f8fc6/go.mod h1:szDm/+NvHjZXc4jrOtq0pevmX0D/2mRyCMztDhHewks=
go.seankhliao.com/testrepo1125/tool-direct-direct v0.0.0-20250407174926-d11f7d7fea4f h1:vHW95LpbZ0dQOahfwu8dJrB+4yeTu5i3kjA2BGe/nIA=
go.seankhliao.com/testrepo1125/tool-direct-direct v0.0.0-20250407174926-d11f7d7fea4f/go.mod h1:j4YqJFNMpzK/5xZm9nwkga5LJg8zE6JnB5r1HH0TJik=
go.seankhliao.com/testrepo1125/tool-test v0.0.0-20250407180242-f5f4205186dc h1:+5BfIR2/lTqZp6BrE2RU/ALFK+2Lgv0SI4B8AvTloa4=
go.seankhliao.com/testrepo1125/tool-test v0.0.0-20250407180242-f5f4205186dc/go.mod h1:g13ILlHR6T8DEyXJbr5G7SeyJfjV3dO6Dae1b1evPa0=
go.seankhliao.com/testrepo1125/tool-test-direct v0.0.0-20250407174926-d11f7d7fea4f h1:UlxemYMNeszlzRfcYuHEtoXoHExEZVuD+9fUjg/guOk=
go.seankhliao.com/testrepo1125/tool-test-direct v0.0.0-20250407174926-d11f7d7fea4f/go.mod h1:Kaun6UAIG4C3TPtOlJciFPg/J1VR3CveL4oD2kR2Rn8=
go.seankhliao.com/testrepo1125/tool-test-test v0.0.0-20250407175606-c1dcf0b22350 h1:HkbtQMP7Mw17ituojQ8X9wNy1eGVHY9t6SF8TvC+akQ=
go.seankhliao.com/testrepo1125/tool-test-test v0.0.0-20250407175606-c1dcf0b22350/go.mod h1:AIMCQMd+jlnp4BJ9Xx2ht1uUcXrC+zMoIhjA/eDLmro=
go.seankhliao.com/testrepo1125/tool-tool v0.0.0-20250407175510-ead46c0f8fc6 h1:RncBb+pGTvUgzdn+mv4g41Wj4syYZYF3OX2Pwz9BXq4=
go.seankhliao.com/testrepo1125/tool-tool v0.0.0-20250407175510-ead46c0f8fc6/go.mod h1:Otnonjspt9FGSwbLSWjZOZTf6/QfrW/5RZpFS6bztNA=
go.seankhliao.com/testrepo1125/tool-tool-direct v0.0.0-20250407174926-d11f7d7fea4f h1:0HyoxZI35KuIumbFT0FRPdFKhBgrS0cV/stUyS4Jsj0=
go.seankhliao.com/testrepo1125/tool-tool-direct v0.0.0-20250407174926-d11f7d7fea4f/go.mod h1:DhJlJFtAkBI0K/oL+yRf7Kt9fbjtuja78S+qPLnwrpQ=
