go.seankhliao.com/testrepo1125/test-test-direct v0.0.0-20250407174926-d11f7d7fea4f h1:ml9x1LkRz+fHwha/at/ZdHI//HBq/4n888MPcuEeqkU=
go.seankhliao.com/testrepo1125/test-test-direct v0.0.0-20250407174926-d11f7d7fea4f/go.mod h1:8/zQ6+Pe25IVt8I3l+r+IYG7vfPNVz3d/5atXO9pAHc=
go.seankhliao.com/testrepo1125/test-test-tool v0.0.0-20250407174926-d11f7d7fea4f h1:BXnZ7irs6zuBk1L0Eg5aJvPJmrcAlLnO/9x5m5DWBCY=
go.seankhliao.com/testrepo1125/test-test-tool v0.0.0-20250407174926-d11f7d7fea4f/go.mod h1:wbVOxKNKJFuu9JtF7ywnVKeHWXwUVh0onDsa28/LpI0=
