go.seankhliao.com/testrepo1125/direct-direct v0.0.0-20250407175510-ead46c0f8fc6 h1:j1KzG0e85Pt/R5qLrspAaNEt0skPhMo+jBnaFZImUHo=
go.seankhliao.com/testrepo1125/direct-direct v0.0.0-20250407175510-ead46c0f8fc6/go.mod h1:3+W+APMuyeYC/OAzWV3xS6DaK+yEpxUF6ylGD2YphDk=
go.seankhliao.com/testrepo1125/direct-direct-direct v0.0.0-20250407174926-d11f7d7fea4f h1:WslH5MIl9iDpBMWDyF3+2icxi0PqTFnKRBGQMnFEptY=
go.seankhliao.com/testrepo1125/direct-direct-direct v0.0.0-20250407174926-d11f7d7fea4f/go.mod h1:OZXXZzLi/IaJKQCJP96x0UA/tSRhvBtMBkrvLq441k4=
go.seankhliao.com/testrepo1125/direct-tool v0.0.0-20250407175510-ead46c0f8fc6 h1:FdnWOXdIuqlNIPWlg8b/offBNEUc7C+x5l/qOin7zXo=
go.seankhliao.com/testrepo1125/direct-tool v0.0.0-20250407175510-ead46c0f8fc6/go.mod h1:3YNjSTs+NW9Km669Q1tebXntvYT5D/fafEgedzPQ5lA=
go.seankhliao.com/testrepo1125/direct-tool-direct v0.0.0-20250407174926-d11f7d7fea4f h1:7eYQQtT9C6c1QtnJry1CivrPvA2UTgjntnXF0iZC3+8=
go.seankhliao.com/testrepo1125/direct-tool-direct v0.0.0-20250407174926-d11f7d7fea4f/go.mod h1:byGzD+1pUzdkxK5nHyJjM5laNXRJu+J8TsdK64UEqQw=
