go.seankhliao.com/testrepo1125/direct-direct v0.0.0-20250407181245-dd1a0c81d506 h1:fPsogEY/0YDDv+nZfysEh795pbYUTEIzfRC0Qew0Pas=
go.seankhliao.com/testrepo1125/direct-direct v0.0.0-20250407181245-dd1a0c81d506/go.mod h1:zsc0GctW6kWf2PBC6am+Rja29SLDVAzxR3towUBgCn0=
go.seankhliao.com/testrepo1125/direct-direct-direct v0.0.0-20250407181245-dd1a0c81d506 h1:SbK7YLn+9tXv3+LxEGu1zYpQq7dmHys+rASkYrpG5u0=
go.seankhliao.com/testrepo1125/direct-direct-direct v0.0.0-20250407181245-dd1a0c81d506/go.mod h1:rQS3QYIT/59TQx7DMSyVPaSRTJ3M6rzUSFssqONRlUA=
go.seankhliao.com/testrepo1125/direct-direct-test v0.0.0-20250407175606-c1dcf0b22350 h1:KyFli05bhAGVBOeORIUmCrlD8eJmVWkFsuDZKf4Brdw=
go.seankhliao.com/testrepo1125/direct-direct-test v0.0.0-20250407175606-c1dcf0b22350/go.mod h1:nMbIW0YEJ6Eyx0x8tg7yAtCMSr5TWeLfobNeOs9s7zQ=
go.seankhliao.com/testrepo1125/direct-test v0.0.0-20250407180242-f5f4205186dc h1:SC1G/UWyG0aEXGkbXV/NIt/B4v9yEttpOhj1EpNJsoU=
go.seankhliao.com/testrepo1125/direct-test v0.0.0-20250407180242-f5f4205186dc/go.mod h1:3XnEH6T0fgEg0rBRVXMjxaluBT/KPaxO6U8szW1WZmI=
go.seankhliao.com/testrepo1125/direct-test-direct v0.0.0-20250407174926-d11f7d7fea4f h1:edk07KCOb+FnAeODuJ6kK6OtkBTu8VvugiQdupiXQf4=
go.seankhliao.com/testrepo1125/direct-test-direct v0.0.0-20250407174926-d11f7d7fea4f/go.mod h1:DXQAhDmJIQZwm1JRto+iQOkuY0JvXw/3wSxHPeL6PUM=
go.seankhliao.com/testrepo1125/direct-test-test v0.0.0-20250407175606-c1dcf0b22350 h1:JDkF7XV87TlNSRYNJVW2QvkLeUkqep+4vbx/ZCK5c+A=
go.seankhliao.com/testrepo1125/direct-test-test v0.0.0-20250407175606-c1dcf0b22350/go.mod h1:LJmL5fywjjH2M9O7GQBk9Ek4DaTFOsqMyvlRz/0j1Z8=
go.seankhliao.com/testrepo1125/direct-tool v0.0.0-20250407175510-ead46c0f8fc6 h1:FdnWOXdIuqlNIPWlg8b/offBNEUc7C+x5l/qOin7zXo=
go.seankhliao.com/testrepo1125/direct-tool v0.0.0-20250407175510-ead46c0f8fc6/go.mod h1:3YNjSTs+NW9Km669Q1tebXntvYT5D/fafEgedzPQ5lA=
go.seankhliao.com/testrepo1125/direct-tool-direct v0.0.0-20250407174926-d11f7d7fea4f h1:7eYQQtT9C6c1QtnJry1CivrPvA2UTgjntnXF0iZC3+8=
go.seankhliao.com/testrepo1125/direct-tool-direct v0.0.0-20250407174926-d11f7d7fea4f/go.mod h1:byGzD+1pUzdkxK5nHyJjM5laNXRJu+J8TsdK64UEqQw=
go.seankhliao.com/testrepo1125/other-direct v0.0.0-20250407181805-b0c912a2d3f4 h1:JUBc1LnHvqJZMLsbV9IwzOU5Om3jMiA4uOyT01NknKw=
go.seankhliao.com/testrepo1125/other-direct v0.0.0-20250407181805-b0c912a2d3f4/go.mod h1:O7zItVla0BhGLtWgddNz4MdUIVxcuFHKUxr0SSZUUFg=
go.seankhliao.com/testrepo1125/other-test v0.0.0-20250407181805-b0c912a2d3f4 h1:FvztFDFr2Dxi/I+l1yeBdANeYA/kr9Q8QpWn57+6Moo=
go.seankhliao.com/testrepo1125/other-test v0.0.0-20250407181805-b0c912a2d3f4/go.mod h1:X1IDqrgA11b8lyy9avxI6qK1/dngL+S9f3uFNVz8IEs=
