go.seankhliao.com/testrepo1125/tool-test-direct v0.0.0-20250407174926-d11f7d7fea4f h1:UlxemYMNeszlzRfcYuHEtoXoHExEZVuD+9fUjg/guOk=
go.seankhliao.com/testrepo1125/tool-test-direct v0.0.0-20250407174926-d11f7d7fea4f/go.mod h1:Kaun6UAIG4C3TPtOlJciFPg/J1VR3CveL4oD2kR2Rn8=
go.seankhliao.com/testrepo1125/tool-test-tool v0.0.0-20250407174926-d11f7d7fea4f h1:Drg0SDEcMickHBkahEIL8TLiqKR5lIrKcuv53N/HE/k=
go.seankhliao.com/testrepo1125/tool-test-tool v0.0.0-20250407174926-d11f7d7fea4f/go.mod h1:fTuqPFIdE11hmg9+fltPKmRdGSeNfHEZDHg3WFI12MM=
