go.seankhliao.com/testrepo1125/tool-test-direct v0.0.0-20250407180258-e6ffddae4404 h1:M+cvul5Q2kFuPa6xs1LU80V1g4qfLNkdeHvDqFJGPN0=
go.seankhliao.com/testrepo1125/tool-test-direct v0.0.0-20250407180258-e6ffddae4404/go.mod h1:O0tmO4hEU8IkmnCUPjYk6V4eWJQ164Gq6TNVxbOeG94=
go.seankhliao.com/testrepo1125/tool-test-test v0.0.0-20250407175606-c1dcf0b22350 h1:HkbtQMP7Mw17ituojQ8X9wNy1eGVHY9t6SF8TvC+akQ=
go.seankhliao.com/testrepo1125/tool-test-test v0.0.0-20250407175606-c1dcf0b22350/go.mod h1:AIMCQMd+jlnp4BJ9Xx2ht1uUcXrC+zMoIhjA/eDLmro=
go.seankhliao.com/testrepo1125/tool-test-tool v0.0.0-20250407174926-d11f7d7fea4f h1:Drg0SDEcMickHBkahEIL8TLiqKR5lIrKcuv53N/HE/k=
go.seankhliao.com/testrepo1125/tool-test-tool v0.0.0-20250407174926-d11f7d7fea4f/go.mod h1:fTuqPFIdE11hmg9+fltPKmRdGSeNfHEZDHg3WFI12MM=
