go.seankhliao.com/testrepo1125/test-direct-direct v0.0.0-20250407174926-d11f7d7fea4f h1:6+ZttxgMKAozaiuS9HHVQ/9C3OF1b60qVEsHf3ARy2I=
go.seankhliao.com/testrepo1125/test-direct-direct v0.0.0-20250407174926-d11f7d7fea4f/go.mod h1:+RWY4Yeo/K6ZnAX3i1LdZ9ZUMVIMpVBGv8XOqSmwKOU=
go.seankhliao.com/testrepo1125/test-direct-tool v0.0.0-20250407174926-d11f7d7fea4f h1:Cth6lMNaebA6vzagbHdscuV6vESNQtNcuY3GGzjKkLA=
go.seankhliao.com/testrepo1125/test-direct-tool v0.0.0-20250407174926-d11f7d7fea4f/go.mod h1:ocDepHPpvurgq7PeoSARWjPbTbUCa1GYXl1E3qch41o=
