go.seankhliao.com/testrepo1125/test-direct-direct v0.0.0-20250407180258-e6ffddae4404 h1:VL+0x8z0gK0o4ePxcWPzkhY7vKqU8cnMLrouZOhutuQ=
go.seankhliao.com/testrepo1125/test-direct-direct v0.0.0-20250407180258-e6ffddae4404/go.mod h1:b+iQ++K3ijtmou8Rhf2rZmgwkaD8HniKyi7z0KBVTMc=
go.seankhliao.com/testrepo1125/test-direct-test v0.0.0-20250407175606-c1dcf0b22350 h1:AG+7FAfu9M4UMm1V3hsrONv5Ai5oC+/aWoqA0MyM4fw=
go.seankhliao.com/testrepo1125/test-direct-test v0.0.0-20250407175606-c1dcf0b22350/go.mod h1:G4kI2RczmZQsKfw5MKxfSZqNU86gPLUz1AGapq/nHnY=
go.seankhliao.com/testrepo1125/test-direct-tool v0.0.0-20250407174926-d11f7d7fea4f h1:Cth6lMNaebA6vzagbHdscuV6vESNQtNcuY3GGzjKkLA=
go.seankhliao.com/testrepo1125/test-direct-tool v0.0.0-20250407174926-d11f7d7fea4f/go.mod h1:ocDepHPpvurgq7PeoSARWjPbTbUCa1GYXl1E3qch41o=
