go.seankhliao.com/testrepo1125/direct-direct-direct v0.0.0-20250407174926-d11f7d7fea4f h1:WslH5MIl9iDpBMWDyF3+2icxi0PqTFnKRBGQMnFEptY=
go.seankhliao.com/testrepo1125/direct-direct-direct v0.0.0-20250407174926-d11f7d7fea4f/go.mod h1:OZXXZzLi/IaJKQCJP96x0UA/tSRhvBtMBkrvLq441k4=
go.seankhliao.com/testrepo1125/direct-direct-test v0.0.0-20250407175606-c1dcf0b22350 h1:KyFli05bhAGVBOeORIUmCrlD8eJmVWkFsuDZKf4Brdw=
go.seankhliao.com/testrepo1125/direct-direct-test v0.0.0-20250407175606-c1dcf0b22350/go.mod h1:nMbIW0YEJ6Eyx0x8tg7yAtCMSr5TWeLfobNeOs9s7zQ=
go.seankhliao.com/testrepo1125/direct-direct-tool v0.0.0-20250407174926-d11f7d7fea4f h1:nvxTqWnKrwsbbUQ7CXIAkhF+qTXmHk4syW18/OcWTlE=
go.seankhliao.com/testrepo1125/direct-direct-tool v0.0.0-20250407174926-d11f7d7fea4f/go.mod h1:AAFl0yuAuW+OdXlA9mhJHCulw5x13/TkliVTC1xVVrs=
